{
    "name": "lilo-cli",
    "version": "0.0.1",
    "lockfileVersion": 3,
    "requires": true,
    "packages": {
        "": {
            "name": "lilo-cli",
            "version": "0.0.1",
            "license": "MIT",
            "dependencies": {
                "lodash": "^4.17.21",
                "minimist": "^1.2.8",
                "zod": "^3.21.4"
            },
            "bin": {
                "lilo": "src/lilo.ts"
            },
            "devDependencies": {
                "bun-types": "latest"
            },
            "peerDependencies": {
                "typescript": "^5.0.0"
            }
        },
        "node_modules/bun-types": {
            "version": "0.6.14",
            "resolved": "https://registry.npmjs.org/bun-types/-/bun-types-0.6.14.tgz",
            "integrity": "sha512-sRdvu+t59+H/TVOe7FSGFWYITbqkhiCx9NxVUHt2+JOXM9gUOe5uMPvVvcr/hGngnh+/yb5a7uPE4JaS6uxujg==",
            "dev": true
        },
        "node_modules/lodash": {
            "version": "4.17.21",
            "license": "MIT"
        },
        "node_modules/minimist": {
            "version": "1.2.8",
            "resolved": "https://registry.npmjs.org/minimist/-/minimist-1.2.8.tgz",
            "integrity": "sha512-2yyAR8qBkN3YuheJanUpWC5U3bb5osDywNB8RzDVlDwDHbocAJveqqj1u8+SVD7jkWT4yvsHCpWqqWqAxb0zCA==",
            "funding": {
                "url": "https://github.com/sponsors/ljharb"
            }
        },
        "node_modules/typescript": {
            "version": "5.1.6",
            "resolved": "https://registry.npmjs.org/typescript/-/typescript-5.1.6.tgz",
            "integrity": "sha512-zaWCozRZ6DLEWAWFrVDz1H6FVXzUSfTy5FUMWsQlU8Ym5JP9eO4xkTIROFCQvhQf61z6O/G6ugw3SgAnvvm+HA==",
            "peer": true,
            "bin": {
                "tsc": "bin/tsc",
                "tsserver": "bin/tsserver"
            },
            "engines": {
                "node": ">=14.17"
            }
        },
        "node_modules/zod": {
            "version": "3.21.4",
            "resolved": "https://registry.npmjs.org/zod/-/zod-3.21.4.tgz",
            "integrity": "sha512-m46AKbrzKVzOzs/DZgVnG5H55N1sv1M8qZU3A8RIKbs3mrACDNeIOeilDymVb2HdmP8uwshOCF4uJ8uM9rCqJw==",
            "funding": {
                "url": "https://github.com/sponsors/colinhacks"
            }
        }
    }
}
